
Microsoft Visual Studio Solution File, Format Version 10.00
# Visual Studio 2008
Project("{8BC9CEB8-8B4A-11D0-8D11-00A0C91BC942}") = "arithmetic", "arithmetic\arithmetic.vcproj", "{D7A629DC-2132-470C-88C9-25A9BFDA5D2B}"
EndProject
Global
	GlobalSection(SolutionConfigurationPlatforms) = preSolution
		Debug|Win32 = Debug|Win32
		Release|Win32 = Release|Win32
	EndGlobalSection
	GlobalSection(ProjectConfigurationPlatforms) = postSolution
		{D7A629DC-2132-470C-88C9-25A9BFDA5D2B}.Debug|Win32.ActiveCfg = Debug|Win32
		{D7A629DC-2132-470C-88C9-25A9BFDA5D2B}.Debug|Win32.Build.0 = Debug|Win32
		{D7A629DC-2132-470C-88C9-25A9BFDA5D2B}.Release|Win32.ActiveCfg = Release|Win32
		{D7A629DC-2132-470C-88C9-25A9BFDA5D2B}.Release|Win32.Build.0 = Release|Win32
	EndGlobalSection
	GlobalSection(SolutionProperties) = preSolution
		HideSolutionNode = FALSE
	EndGlobalSection
EndGlobal
